{
  "name": "calculator",
  "lockfileVersion": 2,
  "requires": true,
  "packages": {
    "": {
      "dependencies": {
        "crypto": "^1.0.1",
        "crypto-random": "^2.0.1",
        "crypto-secure-random-digit": "^1.0.10"
      }
    },
    "node_modules/crypto": {
      "version": "1.0.1",
      "resolved": "https://registry.npmjs.org/crypto/-/crypto-1.0.1.tgz",
      "integrity": "sha512-VxBKmeNcqQdiUQUW2Tzq0t377b54N2bMtXO/qiLa+6eRRmmC4qT3D4OnTGoT/U6O9aklQ/jTwbOtRMTTY8G0Ig==",
      "deprecated": "This package is no longer supported. It's now a built-in Node module. If you've depended on crypto, you should switch to the one that's built-in."
    },
    "node_modules/crypto-random": {
      "version": "2.0.1",
      "resolved": "https://registry.npmjs.org/crypto-random/-/crypto-random-2.0.1.tgz",
      "integrity": "sha512-MTag9YM+VySFM+eEitCBQy6aCBxlhIeFnQZAm6e6Rnfnn3dEXG2G0xbPyV/YQI0MmW1AgG0JfG/urp7nwbyDEg==",
      "engines": {
        "node": ">=14.0.0"
      }
    },
    "node_modules/crypto-secure-random-digit": {
      "version": "1.0.10",
      "resolved": "https://registry.npmjs.org/crypto-secure-random-digit/-/crypto-secure-random-digit-1.0.10.tgz",
      "integrity": "sha512-s8lDlKys87l8++pXrY8SxX3Uu31lQrpQDlPRGmR4r3y3iRqQiXj9ejAF1TsCU4w38mIXR72D571ujqzT+rcpCA=="
    }
  },
  "dependencies": {
    "crypto": {
      "version": "1.0.1",
      "resolved": "https://registry.npmjs.org/crypto/-/crypto-1.0.1.tgz",
      "integrity": "sha512-VxBKmeNcqQdiUQUW2Tzq0t377b54N2bMtXO/qiLa+6eRRmmC4qT3D4OnTGoT/U6O9aklQ/jTwbOtRMTTY8G0Ig=="
    },
    "crypto-random": {
      "version": "2.0.1",
      "resolved": "https://registry.npmjs.org/crypto-random/-/crypto-random-2.0.1.tgz",
      "integrity": "sha512-MTag9YM+VySFM+eEitCBQy6aCBxlhIeFnQZAm6e6Rnfnn3dEXG2G0xbPyV/YQI0MmW1AgG0JfG/urp7nwbyDEg=="
    },
    "crypto-secure-random-digit": {
      "version": "1.0.10",
      "resolved": "https://registry.npmjs.org/crypto-secure-random-digit/-/crypto-secure-random-digit-1.0.10.tgz",
      "integrity": "sha512-s8lDlKys87l8++pXrY8SxX3Uu31lQrpQDlPRGmR4r3y3iRqQiXj9ejAF1TsCU4w38mIXR72D571ujqzT+rcpCA=="
    }
  }
}
